
Microsoft Visual Studio Solution File, Format Version 12.00
# Visual Studio 15
VisualStudioVersion = 15.0.26730.12
MinimumVisualStudioVersion = 10.0.40219.1
Project("{9A19103F-16F7-4668-BE54-9A1E7A4F7556}") = "NuGetPackageInfo", "NuGetPackageInfo.csproj", "{53AF45D3-B28B-40C4-B502-3B81F8FF609F}"
EndProject
Global
	GlobalSection(SolutionConfigurationPlatforms) = preSolution
		Debug|Any CPU = Debug|Any CPU
		Release|Any CPU = Release|Any CPU
	EndGlobalSection
	GlobalSection(ProjectConfigurationPlatforms) = postSolution
		{53AF45D3-B28B-40C4-B502-3B81F8FF609F}.Debug|Any CPU.ActiveCfg = Debug|Any CPU
		{53AF45D3-B28B-40C4-B502-3B81F8FF609F}.Debug|Any CPU.Build.0 = Debug|Any CPU
		{53AF45D3-B28B-40C4-B502-3B81F8FF609F}.Release|Any CPU.ActiveCfg = Release|Any CPU
		{53AF45D3-B28B-40C4-B502-3B81F8FF609F}.Release|Any CPU.Build.0 = Release|Any CPU
	EndGlobalSection
	GlobalSection(SolutionProperties) = preSolution
		HideSolutionNode = FALSE
	EndGlobalSection
	GlobalSection(ExtensibilityGlobals) = postSolution
		SolutionGuid = {F36F5690-9CE3-4889-8E40-0AD2667D88C3}
	EndGlobalSection
EndGlobal
